// !$*UTF8*$!
{
	archiveVersion = 1;
	classes = {
	};
	objectVersion = 56;
	objects = {

/* Begin PBXBuildFile section */
		51C2CBDC2ADDF6610041A034 /* MainViewController.swift in Sources */ = {isa = PBXBuildFile; fileRef = 51C2CBDB2ADDF6610041A034 /* MainViewController.swift */; };
		51C2CBDE2ADDF8370041A034 /* MainView.swift in Sources */ = {isa = PBXBuildFile; fileRef = 51C2CBDD2ADDF8370041A034 /* MainView.swift */; };
		51C2CBE02ADEBE4F0041A034 /* CryptoManager.swift in Sources */ = {isa = PBXBuildFile; fileRef = 51C2CBDF2ADEBE4F0041A034 /* CryptoManager.swift */; };
		51C2CBE22ADEBED50041A034 /* CryptoData.swift in Sources */ = {isa = PBXBuildFile; fileRef = 51C2CBE12ADEBED50041A034 /* CryptoData.swift */; };
		51C2CBE72ADED0F90041A034 /* APIEnumExemple.swift in Sources */ = {isa = PBXBuildFile; fileRef = 51C2CBE62ADED0F90041A034 /* APIEnumExemple.swift */; };
		51CB25EE2ADDF3CD00282515 /* AppDelegate.swift in Sources */ = {isa = PBXBuildFile; fileRef = 51CB25ED2ADDF3CD00282515 /* AppDelegate.swift */; };
		51CB25F02ADDF3CD00282515 /* SceneDelegate.swift in Sources */ = {isa = PBXBuildFile; fileRef = 51CB25EF2ADDF3CD00282515 /* SceneDelegate.swift */; };
		51CB25F72ADDF3CF00282515 /* Assets.xcassets in Resources */ = {isa = PBXBuildFile; fileRef = 51CB25F62ADDF3CF00282515 /* Assets.xcassets */; };
		51CB25FA2ADDF3CF00282515 /* LaunchScreen.storyboard in Resources */ = {isa = PBXBuildFile; fileRef = 51CB25F82ADDF3CF00282515 /* LaunchScreen.storyboard */; };
/* End PBXBuildFile section */

/* Begin PBXFileReference section */
		51C2CBDB2ADDF6610041A034 /* MainViewController.swift */ = {isa = PBXFileReference; lastKnownFileType = sourcecode.swift; path = MainViewController.swift; sourceTree = "<group>"; };
		51C2CBDD2ADDF8370041A034 /* MainView.swift */ = {isa = PBXFileReference; lastKnownFileType = sourcecode.swift; path = MainView.swift; sourceTree = "<group>"; };
		51C2CBDF2ADEBE4F0041A034 /* CryptoManager.swift */ = {isa = PBXFileReference; lastKnownFileType = sourcecode.swift; path = CryptoManager.swift; sourceTree = "<group>"; };
		51C2CBE12ADEBED50041A034 /* CryptoData.swift */ = {isa = PBXFileReference; lastKnownFileType = sourcecode.swift; path = CryptoData.swift; sourceTree = "<group>"; };
		51C2CBE62ADED0F90041A034 /* APIEnumExemple.swift */ = {isa = PBXFileReference; lastKnownFileType = sourcecode.swift; path = APIEnumExemple.swift; sourceTree = "<group>"; };
		51CB25EA2ADDF3CD00282515 /* cryptoSearch.app */ = {isa = PBXFileReference; explicitFileType = wrapper.application; includeInIndex = 0; path = cryptoSearch.app; sourceTree = BUILT_PRODUCTS_DIR; };
		51CB25ED2ADDF3CD00282515 /* AppDelegate.swift */ = {isa = PBXFileReference; lastKnownFileType = sourcecode.swift; path = AppDelegate.swift; sourceTree = "<group>"; };
		51CB25EF2ADDF3CD00282515 /* SceneDelegate.swift */ = {isa = PBXFileReference; lastKnownFileType = sourcecode.swift; path = SceneDelegate.swift; sourceTree = "<group>"; };
		51CB25F62ADDF3CF00282515 /* Assets.xcassets */ = {isa = PBXFileReference; lastKnownFileType = folder.assetcatalog; path = Assets.xcassets; sourceTree = "<group>"; };
		51CB25F92ADDF3CF00282515 /* Base */ = {isa = PBXFileReference; lastKnownFileType = file.storyboard; name = Base; path = Base.lproj/LaunchScreen.storyboard; sourceTree = "<group>"; };
		51CB25FB2ADDF3CF00282515 /* Info.plist */ = {isa = PBXFileReference; lastKnownFileType = text.plist.xml; path = Info.plist; sourceTree = "<group>"; };
/* End PBXFileReference section */

/* Begin PBXFrameworksBuildPhase section */
		51CB25E72ADDF3CD00282515 /* Frameworks */ = {
			isa = PBXFrameworksBuildPhase;
			buildActionMask = 2147483647;
			files = (
			);
			runOnlyForDeploymentPostprocessing = 0;
		};
/* End PBXFrameworksBuildPhase section */

/* Begin PBXGroup section */
		51C2CBD62ADDF45C0041A034 /* application */ = {
			isa = PBXGroup;
			children = (
				51CB25ED2ADDF3CD00282515 /* AppDelegate.swift */,
				51CB25EF2ADDF3CD00282515 /* SceneDelegate.swift */,
				51CB25F82ADDF3CF00282515 /* LaunchScreen.storyboard */,
			);
			path = application;
			sourceTree = "<group>";
		};
		51C2CBD72ADDF4660041A034 /* resource */ = {
			isa = PBXGroup;
			children = (
				51CB25F62ADDF3CF00282515 /* Assets.xcassets */,
			);
			path = resource;
			sourceTree = "<group>";
		};
		51C2CBD82ADDF4710041A034 /* model */ = {
			isa = PBXGroup;
			children = (
				51C2CBDF2ADEBE4F0041A034 /* CryptoManager.swift */,
				51C2CBE12ADEBED50041A034 /* CryptoData.swift */,
			);
			path = model;
			sourceTree = "<group>";
		};
		51C2CBD92ADDF4790041A034 /* view */ = {
			isa = PBXGroup;
			children = (
				51C2CBDD2ADDF8370041A034 /* MainView.swift */,
			);
			path = view;
			sourceTree = "<group>";
		};
		51C2CBDA2ADDF4800041A034 /* controller */ = {
			isa = PBXGroup;
			children = (
				51C2CBDB2ADDF6610041A034 /* MainViewController.swift */,
			);
			path = controller;
			sourceTree = "<group>";
		};
		51C2CBE32ADEBF560041A034 /* enum */ = {
			isa = PBXGroup;
			children = (
				51C2CBE62ADED0F90041A034 /* APIEnumExemple.swift */,
			);
			path = enum;
			sourceTree = "<group>";
		};
		51CB25E12ADDF3CD00282515 = {
			isa = PBXGroup;
			children = (
				51CB25EC2ADDF3CD00282515 /* cryptoSearch */,
				51CB25EB2ADDF3CD00282515 /* Products */,
			);
			sourceTree = "<group>";
		};
		51CB25EB2ADDF3CD00282515 /* Products */ = {
			isa = PBXGroup;
			children = (
				51CB25EA2ADDF3CD00282515 /* cryptoSearch.app */,
			);
			name = Products;
			sourceTree = "<group>";
		};
		51CB25EC2ADDF3CD00282515 /* cryptoSearch */ = {
			isa = PBXGroup;
			children = (
				51C2CBE32ADEBF560041A034 /* enum */,
				51C2CBD62ADDF45C0041A034 /* application */,
				51C2CBD72ADDF4660041A034 /* resource */,
				51C2CBD82ADDF4710041A034 /* model */,
				51C2CBD92ADDF4790041A034 /* view */,
				51C2CBDA2ADDF4800041A034 /* controller */,
				51CB25FB2ADDF3CF00282515 /* Info.plist */,
			);
			path = cryptoSearch;
			sourceTree = "<group>";
		};
/* End PBXGroup section */

/* Begin PBXNativeTarget section */
		51CB25E92ADDF3CD00282515 /* cryptoSearch */ = {
			isa = PBXNativeTarget;
			buildConfigurationList = 51CB25FE2ADDF3CF00282515 /* Build configuration list for PBXNativeTarget "cryptoSearch" */;
			buildPhases = (
				51CB25E62ADDF3CD00282515 /* Sources */,
				51CB25E72ADDF3CD00282515 /* Frameworks */,
				51CB25E82ADDF3CD00282515 /* Resources */,
			);
			buildRules = (
			);
			dependencies = (
			);
			name = cryptoSearch;
			productName = cryptoSearch;
			productReference = 51CB25EA2ADDF3CD00282515 /* cryptoSearch.app */;
			productType = "com.apple.product-type.application";
		};
/* End PBXNativeTarget section */

/* Begin PBXProject section */
		51CB25E22ADDF3CD00282515 /* Project object */ = {
			isa = PBXProject;
			attributes = {
				BuildIndependentTargetsInParallel = 1;
				LastSwiftUpdateCheck = 1500;
				LastUpgradeCheck = 1500;
				TargetAttributes = {
					51CB25E92ADDF3CD00282515 = {
						CreatedOnToolsVersion = 15.0;
					};
				};
			};
			buildConfigurationList = 51CB25E52ADDF3CD00282515 /* Build configuration list for PBXProject "cryptoSearch" */;
			compatibilityVersion = "Xcode 14.0";
			developmentRegion = en;
			hasScannedForEncodings = 0;
			knownRegions = (
				en,
				Base,
			);
			mainGroup = 51CB25E12ADDF3CD00282515;
			productRefGroup = 51CB25EB2ADDF3CD00282515 /* Products */;
			projectDirPath = "";
			projectRoot = "";
			targets = (
				51CB25E92ADDF3CD00282515 /* cryptoSearch */,
			);
		};
/* End PBXProject section */

/* Begin PBXResourcesBuildPhase section */
		51CB25E82ADDF3CD00282515 /* Resources */ = {
			isa = PBXResourcesBuildPhase;
			buildActionMask = 2147483647;
			files = (
				51CB25FA2ADDF3CF00282515 /* LaunchScreen.storyboard in Resources */,
				51CB25F72ADDF3CF00282515 /* Assets.xcassets in Resources */,
			);
			runOnlyForDeploymentPostprocessing = 0;
		};
/* End PBXResourcesBuildPhase section */

/* Begin PBXSourcesBuildPhase section */
		51CB25E62ADDF3CD00282515 /* Sources */ = {
			isa = PBXSourcesBuildPhase;
			buildActionMask = 2147483647;
			files = (
				51C2CBDC2ADDF6610041A034 /* MainViewController.swift in Sources */,
				51C2CBDE2ADDF8370041A034 /* MainView.swift in Sources */,
				51C2CBE22ADEBED50041A034 /* CryptoData.swift in Sources */,
				51C2CBE02ADEBE4F0041A034 /* CryptoManager.swift in Sources */,
				51CB25EE2ADDF3CD00282515 /* AppDelegate.swift in Sources */,
				51CB25F02ADDF3CD00282515 /* SceneDelegate.swift in Sources */,
				51C2CBE72ADED0F90041A034 /* APIEnumExemple.swift in Sources */,
			);
			runOnlyForDeploymentPostprocessing = 0;
		};
/* End PBXSourcesBuildPhase section */

/* Begin PBXVariantGroup section */
		51CB25F82ADDF3CF00282515 /* LaunchScreen.storyboard */ = {
			isa = PBXVariantGroup;
			children = (
				51CB25F92ADDF3CF00282515 /* Base */,
			);
			name = LaunchScreen.storyboard;
			sourceTree = "<group>";
		};
/* End PBXVariantGroup section */

/* Begin XCBuildConfiguration section */
		51CB25FC2ADDF3CF00282515 /* Debug */ = {
			isa = XCBuildConfiguration;
			buildSettings = {
				ALWAYS_SEARCH_USER_PATHS = NO;
				ASSETCATALOG_COMPILER_GENERATE_SWIFT_ASSET_SYMBOL_EXTENSIONS = YES;
				CLANG_ANALYZER_NONNULL = YES;
				CLANG_ANALYZER_NUMBER_OBJECT_CONVERSION = YES_AGGRESSIVE;
				CLANG_CXX_LANGUAGE_STANDARD = "gnu++20";
				CLANG_ENABLE_MODULES = YES;
				CLANG_ENABLE_OBJC_ARC = YES;
				CLANG_ENABLE_OBJC_WEAK = YES;
				CLANG_WARN_BLOCK_CAPTURE_AUTORELEASING = YES;
				CLANG_WARN_BOOL_CONVERSION = YES;
				CLANG_WARN_COMMA = YES;
				CLANG_WARN_CONSTANT_CONVERSION = YES;
				CLANG_WARN_DEPRECATED_OBJC_IMPLEMENTATIONS = YES;
				CLANG_WARN_DIRECT_OBJC_ISA_USAGE = YES_ERROR;
				CLANG_WARN_DOCUMENTATION_COMMENTS = YES;
				CLANG_WARN_EMPTY_BODY = YES;
				CLANG_WARN_ENUM_CONVERSION = YES;
				CLANG_WARN_INFINITE_RECURSION = YES;
				CLANG_WARN_INT_CONVERSION = YES;
				CLANG_WARN_NON_LITERAL_NULL_CONVERSION = YES;
				CLANG_WARN_OBJC_IMPLICIT_RETAIN_SELF = YES;
				CLANG_WARN_OBJC_LITERAL_CONVERSION = YES;
				CLANG_WARN_OBJC_ROOT_CLASS = YES_ERROR;
				CLANG_WARN_QUOTED_INCLUDE_IN_FRAMEWORK_HEADER = YES;
				CLANG_WARN_RANGE_LOOP_ANALYSIS = YES;
				CLANG_WARN_STRICT_PROTOTYPES = YES;
				CLANG_WARN_SUSPICIOUS_MOVE = YES;
				CLANG_WARN_UNGUARDED_AVAILABILITY = YES_AGGRESSIVE;
				CLANG_WARN_UNREACHABLE_CODE = YES;
				CLANG_WARN__DUPLICATE_METHOD_MATCH = YES;
				COPY_PHASE_STRIP = NO;
				DEBUG_INFORMATION_FORMAT = dwarf;
				ENABLE_STRICT_OBJC_MSGSEND = YES;
				ENABLE_TESTABILITY = YES;
				ENABLE_USER_SCRIPT_SANDBOXING = YES;
				GCC_C_LANGUAGE_STANDARD = gnu17;
				GCC_DYNAMIC_NO_PIC = NO;
				GCC_NO_COMMON_BLOCKS = YES;
				GCC_OPTIMIZATION_LEVEL = 0;
				GCC_PREPROCESSOR_DEFINITIONS = (
					"DEBUG=1",
					"$(inherited)",
				);
				GCC_WARN_64_TO_32_BIT_CONVERSION = YES;
				GCC_WARN_ABOUT_RETURN_TYPE = YES_ERROR;
				GCC_WARN_UNDECLARED_SELECTOR = YES;
				GCC_WARN_UNINITIALIZED_AUTOS = YES_AGGRESSIVE;
				GCC_WARN_UNUSED_FUNCTION = YES;
				GCC_WARN_UNUSED_VARIABLE = YES;
				IPHONEOS_DEPLOYMENT_TARGET = 17.0;
				LOCALIZATION_PREFERS_STRING_CATALOGS = YES;
				MTL_ENABLE_DEBUG_INFO = INCLUDE_SOURCE;
				MTL_FAST_MATH = YES;
				ONLY_ACTIVE_ARCH = YES;
				SDKROOT = iphoneos;
				SWIFT_ACTIVE_COMPILATION_CONDITIONS = "DEBUG $(inherited)";
				SWIFT_OPTIMIZATION_LEVEL = "-Onone";
			};
			name = Debug;
		};
		51CB25FD2ADDF3CF00282515 /* Release */ = {
			isa = XCBuildConfiguration;
			buildSettings = {
				ALWAYS_SEARCH_USER_PATHS = NO;
				ASSETCATALOG_COMPILER_GENERATE_SWIFT_ASSET_SYMBOL_EXTENSIONS = YES;
				CLANG_ANALYZER_NONNULL = YES;
				CLANG_ANALYZER_NUMBER_OBJECT_CONVERSION = YES_AGGRESSIVE;
				CLANG_CXX_LANGUAGE_STANDARD = "gnu++20";
				CLANG_ENABLE_MODULES = YES;
				CLANG_ENABLE_OBJC_ARC = YES;
				CLANG_ENABLE_OBJC_WEAK = YES;
				CLANG_WARN_BLOCK_CAPTURE_AUTORELEASING = YES;
				CLANG_WARN_BOOL_CONVERSION = YES;
				CLANG_WARN_COMMA = YES;
				CLANG_WARN_CONSTANT_CONVERSION = YES;
				CLANG_WARN_DEPRECATED_OBJC_IMPLEMENTATIONS = YES;
				CLANG_WARN_DIRECT_OBJC_ISA_USAGE = YES_ERROR;
				CLANG_WARN_DOCUMENTATION_COMMENTS = YES;
				CLANG_WARN_EMPTY_BODY = YES;
				CLANG_WARN_ENUM_CONVERSION = YES;
				CLANG_WARN_INFINITE_RECURSION = YES;
				CLANG_WARN_INT_CONVERSION = YES;
				CLANG_WARN_NON_LITERAL_NULL_CONVERSION = YES;
				CLANG_WARN_OBJC_IMPLICIT_RETAIN_SELF = YES;
				CLANG_WARN_OBJC_LITERAL_CONVERSION = YES;
				CLANG_WARN_OBJC_ROOT_CLASS = YES_ERROR;
				CLANG_WARN_QUOTED_INCLUDE_IN_FRAMEWORK_HEADER = YES;
				CLANG_WARN_RANGE_LOOP_ANALYSIS = YES;
				CLANG_WARN_STRICT_PROTOTYPES = YES;
				CLANG_WARN_SUSPICIOUS_MOVE = YES;
				CLANG_WARN_UNGUARDED_AVAILABILITY = YES_AGGRESSIVE;
				CLANG_WARN_UNREACHABLE_CODE = YES;
				CLANG_WARN__DUPLICATE_METHOD_MATCH = YES;
				COPY_PHASE_STRIP = NO;
				DEBUG_INFORMATION_FORMAT = "dwarf-with-dsym";
				ENABLE_NS_ASSERTIONS = NO;
				ENABLE_STRICT_OBJC_MSGSEND = YES;
				ENABLE_USER_SCRIPT_SANDBOXING = YES;
				GCC_C_LANGUAGE_STANDARD = gnu17;
				GCC_NO_COMMON_BLOCKS = YES;
				GCC_WARN_64_TO_32_BIT_CONVERSION = YES;
				GCC_WARN_ABOUT_RETURN_TYPE = YES_ERROR;
				GCC_WARN_UNDECLARED_SELECTOR = YES;
				GCC_WARN_UNINITIALIZED_AUTOS = YES_AGGRESSIVE;
				GCC_WARN_UNUSED_FUNCTION = YES;
				GCC_WARN_UNUSED_VARIABLE = YES;
				IPHONEOS_DEPLOYMENT_TARGET = 17.0;
				LOCALIZATION_PREFERS_STRING_CATALOGS = YES;
				MTL_ENABLE_DEBUG_INFO = NO;
				MTL_FAST_MATH = YES;
				SDKROOT = iphoneos;
				SWIFT_COMPILATION_MODE = wholemodule;
				VALIDATE_PRODUCT = YES;
			};
			name = Release;
		};
		51CB25FF2ADDF3CF00282515 /* Debug */ = {
			isa = XCBuildConfiguration;
			buildSettings = {
				ASSETCATALOG_COMPILER_APPICON_NAME = AppIcon;
				ASSETCATALOG_COMPILER_GLOBAL_ACCENT_COLOR_NAME = AccentColor;
				CODE_SIGN_STYLE = Automatic;
				CURRENT_PROJECT_VERSION = 1;
				DEVELOPMENT_TEAM = 3K7XJQ9QQV;
				GENERATE_INFOPLIST_FILE = YES;
				INFOPLIST_FILE = cryptoSearch/Info.plist;
				INFOPLIST_KEY_CFBundleDisplayName = "Crypto Search";
				INFOPLIST_KEY_LSApplicationCategoryType = "public.app-category.finance";
				INFOPLIST_KEY_UIApplicationSupportsIndirectInputEvents = YES;
				INFOPLIST_KEY_UILaunchStoryboardName = LaunchScreen;
				INFOPLIST_KEY_UIMainStoryboardFile = "";
				INFOPLIST_KEY_UISupportedInterfaceOrientations = UIInterfaceOrientationPortrait;
				INFOPLIST_KEY_UISupportedInterfaceOrientations_iPad = "UIInterfaceOrientationLandscapeLeft UIInterfaceOrientationLandscapeRight UIInterfaceOrientationPortrait UIInterfaceOrientationPortraitUpsideDown";
				IPHONEOS_DEPLOYMENT_TARGET = 13.0;
				LD_RUNPATH_SEARCH_PATHS = (
					"$(inherited)",
					"@executable_path/Frameworks",
				);
				MARKETING_VERSION = 1.0;
				PRODUCT_BUNDLE_IDENTIFIER = br.com.adrielteles.cryptoSearch;
				PRODUCT_NAME = "$(TARGET_NAME)";
				SUPPORTED_PLATFORMS = "iphoneos iphonesimulator";
				SUPPORTS_MACCATALYST = NO;
				SUPPORTS_MAC_DESIGNED_FOR_IPHONE_IPAD = NO;
				SWIFT_EMIT_LOC_STRINGS = YES;
				SWIFT_VERSION = 5.0;
				TARGETED_DEVICE_FAMILY = 1;
			};
			name = Debug;
		};
		51CB26002ADDF3CF00282515 /* Release */ = {
			isa = XCBuildConfiguration;
			buildSettings = {
				ASSETCATALOG_COMPILER_APPICON_NAME = AppIcon;
				ASSETCATALOG_COMPILER_GLOBAL_ACCENT_COLOR_NAME = AccentColor;
				CODE_SIGN_STYLE = Automatic;
				CURRENT_PROJECT_VERSION = 1;
				DEVELOPMENT_TEAM = 3K7XJQ9QQV;
				GENERATE_INFOPLIST_FILE = YES;
				INFOPLIST_FILE = cryptoSearch/Info.plist;
				INFOPLIST_KEY_CFBundleDisplayName = "Crypto Search";
				INFOPLIST_KEY_LSApplicationCategoryType = "public.app-category.finance";
				INFOPLIST_KEY_UIApplicationSupportsIndirectInputEvents = YES;
				INFOPLIST_KEY_UILaunchStoryboardName = LaunchScreen;
				INFOPLIST_KEY_UIMainStoryboardFile = "";
				INFOPLIST_KEY_UISupportedInterfaceOrientations = UIInterfaceOrientationPortrait;
				INFOPLIST_KEY_UISupportedInterfaceOrientations_iPad = "UIInterfaceOrientationLandscapeLeft UIInterfaceOrientationLandscapeRight UIInterfaceOrientationPortrait UIInterfaceOrientationPortraitUpsideDown";
				IPHONEOS_DEPLOYMENT_TARGET = 13.0;
				LD_RUNPATH_SEARCH_PATHS = (
					"$(inherited)",
					"@executable_path/Frameworks",
				);
				MARKETING_VERSION = 1.0;
				PRODUCT_BUNDLE_IDENTIFIER = br.com.adrielteles.cryptoSearch;
				PRODUCT_NAME = "$(TARGET_NAME)";
				SUPPORTED_PLATFORMS = "iphoneos iphonesimulator";
				SUPPORTS_MACCATALYST = NO;
				SUPPORTS_MAC_DESIGNED_FOR_IPHONE_IPAD = NO;
				SWIFT_EMIT_LOC_STRINGS = YES;
				SWIFT_VERSION = 5.0;
				TARGETED_DEVICE_FAMILY = 1;
			};
			name = Release;
		};
/* End XCBuildConfiguration section */

/* Begin XCConfigurationList section */
		51CB25E52ADDF3CD00282515 /* Build configuration list for PBXProject "cryptoSearch" */ = {
			isa = XCConfigurationList;
			buildConfigurations = (
				51CB25FC2ADDF3CF00282515 /* Debug */,
				51CB25FD2ADDF3CF00282515 /* Release */,
			);
			defaultConfigurationIsVisible = 0;
			defaultConfigurationName = Release;
		};
		51CB25FE2ADDF3CF00282515 /* Build configuration list for PBXNativeTarget "cryptoSearch" */ = {
			isa = XCConfigurationList;
			buildConfigurations = (
				51CB25FF2ADDF3CF00282515 /* Debug */,
				51CB26002ADDF3CF00282515 /* Release */,
			);
			defaultConfigurationIsVisible = 0;
			defaultConfigurationName = Release;
		};
/* End XCConfigurationList section */
	};
	rootObject = 51CB25E22ADDF3CD00282515 /* Project object */;
}
